lockfileVersion: '9.0'

settings:
  autoInstallPeers: true
  excludeLinksFromLockfile: false

importers:

  .:
    dependencies:
      prettier:
        specifier: ^3.8.1
        version: 3.8.1
      prettier-plugin-jinja-template:
        specifier: ^2.1.0
        version: 2.1.0(prettier@3.8.1)

packages:

  prettier-plugin-jinja-template@2.1.0:
    resolution: {integrity: sha512-mzoCp2Oy9BDSug80fw3B3J4n4KQj1hRvoQOL1akqcDKBb5nvYxrik9zUEDs4AEJ6nK7QDTGoH0y9rx7AlnQ78Q==}
    peerDependencies:
      prettier: ^3.0.0

  prettier@3.8.1:
    resolution: {integrity: sha512-UOnG6LftzbdaHZcKoPFtOcCKztrQ57WkHDeRD9t/PTQtmT0NHSeWWepj6pS0z/N7+08BHFDQVUrfmfMRcZwbMg==}
    engines: {node: '>=14'}
    hasBin: true

snapshots:

  prettier-plugin-jinja-template@2.1.0(prettier@3.8.1):
    dependencies:
      prettier: 3.8.1

  prettier@3.8.1: {}
